
Microsoft Visual Studio Solution File, Format Version 12.00
# Visual Studio Version 16
VisualStudioVersion = 16.0.30907.101
MinimumVisualStudioVersion = 10.0.40219.1
Project("{FAE04EC0-301F-11D3-BF4B-00C04F79EFBC}") = "LR1", "LR1.csproj", "{4F8F1136-B018-4349-90F3-099B8325F8FB}"
EndProject
Global
	GlobalSection(SolutionConfigurationPlatforms) = preSolution
		Debug|Any CPU = Debug|Any CPU
		Release|Any CPU = Release|Any CPU
	EndGlobalSection
	GlobalSection(ProjectConfigurationPlatforms) = postSolution
		{4F8F1136-B018-4349-90F3-099B8325F8FB}.Debug|Any CPU.ActiveCfg = Debug|Any CPU
		{4F8F1136-B018-4349-90F3-099B8325F8FB}.Debug|Any CPU.Build.0 = Debug|Any CPU
		{4F8F1136-B018-4349-90F3-099B8325F8FB}.Release|Any CPU.ActiveCfg = Release|Any CPU
		{4F8F1136-B018-4349-90F3-099B8325F8FB}.Release|Any CPU.Build.0 = Release|Any CPU
	EndGlobalSection
	GlobalSection(SolutionProperties) = preSolution
		HideSolutionNode = FALSE
	EndGlobalSection
	GlobalSection(ExtensibilityGlobals) = postSolution
		SolutionGuid = {7AD03942-2D32-430E-8EE0-4D1A29D722CB}
	EndGlobalSection
EndGlobal
